
Microsoft Visual Studio Solution File, Format Version 12.00
# Visual Studio 2013
VisualStudioVersion = 12.0.21005.1
MinimumVisualStudioVersion = 10.0.40219.1
Project("{FAE04EC0-301F-11D3-BF4B-00C04F79EFBC}") = "StayHealthy", "StayHealthy\StayHealthy.csproj", "{945F1EFB-D559-4304-BFCD-FB31AD19F688}"
EndProject
Project("{FAE04EC0-301F-11D3-BF4B-00C04F79EFBC}") = "StayHealthy.Api", "StayHealthy.API\StayHealthy.Api.csproj", "{443C25AE-D3C7-4EE5-B17A-5AED167E5837}"
EndProject
Project("{FAE04EC0-301F-11D3-BF4B-00C04F79EFBC}") = "StayHealthy.Common", "StayHealthy.Common\StayHealthy.Common.csproj", "{AFD2E9DB-104A-4A7E-8CE9-7467AC6725E8}"
EndProject
Project("{FAE04EC0-301F-11D3-BF4B-00C04F79EFBC}") = "StayHealthy.Entities", "StayHealthy.Entities\StayHealthy.Entities.csproj", "{09103CCB-878C-4106-AD76-931FDEB6688C}"
EndProject
Project("{FAE04EC0-301F-11D3-BF4B-00C04F79EFBC}") = "StayHealthy.Services", "StayHealthy.Services\StayHealthy.Services.csproj", "{FDED7773-4C9A-4F72-BD32-9523D597D630}"
EndProject
Global
	GlobalSection(SolutionConfigurationPlatforms) = preSolution
		Debug|Any CPU = Debug|Any CPU
		Release|Any CPU = Release|Any CPU
	EndGlobalSection
	GlobalSection(ProjectConfigurationPlatforms) = postSolution
		{945F1EFB-D559-4304-BFCD-FB31AD19F688}.Debug|Any CPU.ActiveCfg = Debug|Any CPU
		{945F1EFB-D559-4304-BFCD-FB31AD19F688}.Debug|Any CPU.Build.0 = Debug|Any CPU
		{945F1EFB-D559-4304-BFCD-FB31AD19F688}.Release|Any CPU.ActiveCfg = Release|Any CPU
		{945F1EFB-D559-4304-BFCD-FB31AD19F688}.Release|Any CPU.Build.0 = Release|Any CPU
		{443C25AE-D3C7-4EE5-B17A-5AED167E5837}.Debug|Any CPU.ActiveCfg = Debug|Any CPU
		{443C25AE-D3C7-4EE5-B17A-5AED167E5837}.Debug|Any CPU.Build.0 = Debug|Any CPU
		{443C25AE-D3C7-4EE5-B17A-5AED167E5837}.Release|Any CPU.ActiveCfg = Release|Any CPU
		{443C25AE-D3C7-4EE5-B17A-5AED167E5837}.Release|Any CPU.Build.0 = Release|Any CPU
		{AFD2E9DB-104A-4A7E-8CE9-7467AC6725E8}.Debug|Any CPU.ActiveCfg = Debug|Any CPU
		{AFD2E9DB-104A-4A7E-8CE9-7467AC6725E8}.Debug|Any CPU.Build.0 = Debug|Any CPU
		{AFD2E9DB-104A-4A7E-8CE9-7467AC6725E8}.Release|Any CPU.ActiveCfg = Release|Any CPU
		{AFD2E9DB-104A-4A7E-8CE9-7467AC6725E8}.Release|Any CPU.Build.0 = Release|Any CPU
		{09103CCB-878C-4106-AD76-931FDEB6688C}.Debug|Any CPU.ActiveCfg = Debug|Any CPU
		{09103CCB-878C-4106-AD76-931FDEB6688C}.Debug|Any CPU.Build.0 = Debug|Any CPU
		{09103CCB-878C-4106-AD76-931FDEB6688C}.Release|Any CPU.ActiveCfg = Release|Any CPU
		{09103CCB-878C-4106-AD76-931FDEB6688C}.Release|Any CPU.Build.0 = Release|Any CPU
		{FDED7773-4C9A-4F72-BD32-9523D597D630}.Debug|Any CPU.ActiveCfg = Debug|Any CPU
		{FDED7773-4C9A-4F72-BD32-9523D597D630}.Debug|Any CPU.Build.0 = Debug|Any CPU
		{FDED7773-4C9A-4F72-BD32-9523D597D630}.Release|Any CPU.ActiveCfg = Release|Any CPU
		{FDED7773-4C9A-4F72-BD32-9523D597D630}.Release|Any CPU.Build.0 = Release|Any CPU
	EndGlobalSection
	GlobalSection(SolutionProperties) = preSolution
		HideSolutionNode = FALSE
	EndGlobalSection
EndGlobal
